
Microsoft Visual Studio Solution File, Format Version 12.00
# Visual Studio 14
VisualStudioVersion = 14.0.23107.0
MinimumVisualStudioVersion = 10.0.40219.1
Project("{FAE04EC0-301F-11D3-BF4B-00C04F79EFBC}") = "Podcatcher.UI", "Podcatcher.UI\Podcatcher.UI.csproj", "{C382BE88-2185-462A-9B92-FBB0EE7B2DB0}"
EndProject
Project("{2150E333-8FDC-42A3-9474-1A3956D46DE8}") = "Podcatcher", "Podcatcher", "{6DDD5FE5-A1DA-4CD7-B057-AB0CBDC5F7A0}"
EndProject
Project("{FAE04EC0-301F-11D3-BF4B-00C04F79EFBC}") = "Podcatcher.Search.Itunes", "..\Podcatcher\Podcatcher.Search.Itunes\Podcatcher.Search.Itunes.csproj", "{5F2A8660-0D4A-4CE1-AF83-3C7C5984D8C4}"
EndProject
Project("{FAE04EC0-301F-11D3-BF4B-00C04F79EFBC}") = "Podcatcher.RssReader", "..\Podcatcher\Podcatcher.RssReader\Podcatcher.RssReader.csproj", "{606FC136-6CE7-40AA-B3BC-2F2E7B09BBED}"
EndProject
Project("{FAE04EC0-301F-11D3-BF4B-00C04F79EFBC}") = "Podcatcher.Manager", "..\Podcatcher\Podcatcher.Manager\Podcatcher.Manager.csproj", "{DE8129C7-DE6D-4998-BE69-B30AF3F8C6B5}"
EndProject
Project("{FAE04EC0-301F-11D3-BF4B-00C04F79EFBC}") = "Podcatcher.FileSaver", "..\Podcatcher\Podcatcher.FileSaver\Podcatcher.FileSaver.csproj", "{4362F986-CE48-430C-B7AB-E74B262C1C19}"
EndProject
Project("{FAE04EC0-301F-11D3-BF4B-00C04F79EFBC}") = "Podcatcher.Downloader", "..\Podcatcher\Podcatcher.Downloader\Podcatcher.Downloader.csproj", "{7099385B-9787-4B95-B23D-EE83C1287A7A}"
EndProject
Project("{FAE04EC0-301F-11D3-BF4B-00C04F79EFBC}") = "Podcatcher.Domain", "..\Podcatcher\Podcatcher.Domain\Podcatcher.Domain.csproj", "{55431B6B-86DC-4821-B795-65908FE02B67}"
EndProject
Project("{FAE04EC0-301F-11D3-BF4B-00C04F79EFBC}") = "Podcatcher.UI.ViewModel", "Podcatcher.UI.ViewModel\Podcatcher.UI.ViewModel.csproj", "{49F957DC-7B4C-4F33-AFE9-FFE75371F57E}"
EndProject
Project("{FAE04EC0-301F-11D3-BF4B-00C04F79EFBC}") = "Podcatcher.UI.Universal", "Podcatcher.UI.Universal\Podcatcher.UI.Universal.csproj", "{370DE1D6-F8A6-4AC9-8578-CC49DBEF8951}"
EndProject
Global
	GlobalSection(SolutionConfigurationPlatforms) = preSolution
		Debug|Any CPU = Debug|Any CPU
		Debug|ARM = Debug|ARM
		Debug|x64 = Debug|x64
		Debug|x86 = Debug|x86
		Release|Any CPU = Release|Any CPU
		Release|ARM = Release|ARM
		Release|x64 = Release|x64
		Release|x86 = Release|x86
	EndGlobalSection
	GlobalSection(ProjectConfigurationPlatforms) = postSolution
		{C382BE88-2185-462A-9B92-FBB0EE7B2DB0}.Debug|Any CPU.ActiveCfg = Debug|Any CPU
		{C382BE88-2185-462A-9B92-FBB0EE7B2DB0}.Debug|Any CPU.Build.0 = Debug|Any CPU
		{C382BE88-2185-462A-9B92-FBB0EE7B2DB0}.Debug|Any CPU.Deploy.0 = Debug|Any CPU
		{C382BE88-2185-462A-9B92-FBB0EE7B2DB0}.Debug|ARM.ActiveCfg = Debug|ARM
		{C382BE88-2185-462A-9B92-FBB0EE7B2DB0}.Debug|ARM.Build.0 = Debug|ARM
		{C382BE88-2185-462A-9B92-FBB0EE7B2DB0}.Debug|ARM.Deploy.0 = Debug|ARM
		{C382BE88-2185-462A-9B92-FBB0EE7B2DB0}.Debug|x64.ActiveCfg = Debug|Any CPU
		{C382BE88-2185-462A-9B92-FBB0EE7B2DB0}.Debug|x64.Build.0 = Debug|Any CPU
		{C382BE88-2185-462A-9B92-FBB0EE7B2DB0}.Debug|x64.Deploy.0 = Debug|Any CPU
		{C382BE88-2185-462A-9B92-FBB0EE7B2DB0}.Debug|x86.ActiveCfg = Debug|x86
		{C382BE88-2185-462A-9B92-FBB0EE7B2DB0}.Debug|x86.Build.0 = Debug|x86
		{C382BE88-2185-462A-9B92-FBB0EE7B2DB0}.Debug|x86.Deploy.0 = Debug|x86
		{C382BE88-2185-462A-9B92-FBB0EE7B2DB0}.Release|Any CPU.ActiveCfg = Release|Any CPU
		{C382BE88-2185-462A-9B92-FBB0EE7B2DB0}.Release|Any CPU.Build.0 = Release|Any CPU
		{C382BE88-2185-462A-9B92-FBB0EE7B2DB0}.Release|Any CPU.Deploy.0 = Release|Any CPU
		{C382BE88-2185-462A-9B92-FBB0EE7B2DB0}.Release|ARM.ActiveCfg = Release|ARM
		{C382BE88-2185-462A-9B92-FBB0EE7B2DB0}.Release|ARM.Build.0 = Release|ARM
		{C382BE88-2185-462A-9B92-FBB0EE7B2DB0}.Release|ARM.Deploy.0 = Release|ARM
		{C382BE88-2185-462A-9B92-FBB0EE7B2DB0}.Release|x64.ActiveCfg = Release|Any CPU
		{C382BE88-2185-462A-9B92-FBB0EE7B2DB0}.Release|x64.Build.0 = Release|Any CPU
		{C382BE88-2185-462A-9B92-FBB0EE7B2DB0}.Release|x64.Deploy.0 = Release|Any CPU
		{C382BE88-2185-462A-9B92-FBB0EE7B2DB0}.Release|x86.ActiveCfg = Release|x86
		{C382BE88-2185-462A-9B92-FBB0EE7B2DB0}.Release|x86.Build.0 = Release|x86
		{C382BE88-2185-462A-9B92-FBB0EE7B2DB0}.Release|x86.Deploy.0 = Release|x86
		{5F2A8660-0D4A-4CE1-AF83-3C7C5984D8C4}.Debug|Any CPU.ActiveCfg = Debug|Any CPU
		{5F2A8660-0D4A-4CE1-AF83-3C7C5984D8C4}.Debug|Any CPU.Build.0 = Debug|Any CPU
		{5F2A8660-0D4A-4CE1-AF83-3C7C5984D8C4}.Debug|ARM.ActiveCfg = Debug|Any CPU
		{5F2A8660-0D4A-4CE1-AF83-3C7C5984D8C4}.Debug|ARM.Build.0 = Debug|Any CPU
		{5F2A8660-0D4A-4CE1-AF83-3C7C5984D8C4}.Debug|x64.ActiveCfg = Debug|Any CPU
		{5F2A8660-0D4A-4CE1-AF83-3C7C5984D8C4}.Debug|x64.Build.0 = Debug|Any CPU
		{5F2A8660-0D4A-4CE1-AF83-3C7C5984D8C4}.Debug|x86.ActiveCfg = Debug|Any CPU
		{5F2A8660-0D4A-4CE1-AF83-3C7C5984D8C4}.Debug|x86.Build.0 = Debug|Any CPU
		{5F2A8660-0D4A-4CE1-AF83-3C7C5984D8C4}.Release|Any CPU.ActiveCfg = Release|Any CPU
		{5F2A8660-0D4A-4CE1-AF83-3C7C5984D8C4}.Release|Any CPU.Build.0 = Release|Any CPU
		{5F2A8660-0D4A-4CE1-AF83-3C7C5984D8C4}.Release|ARM.ActiveCfg = Release|Any CPU
		{5F2A8660-0D4A-4CE1-AF83-3C7C5984D8C4}.Release|ARM.Build.0 = Release|Any CPU
		{5F2A8660-0D4A-4CE1-AF83-3C7C5984D8C4}.Release|x64.ActiveCfg = Release|Any CPU
		{5F2A8660-0D4A-4CE1-AF83-3C7C5984D8C4}.Release|x64.Build.0 = Release|Any CPU
		{5F2A8660-0D4A-4CE1-AF83-3C7C5984D8C4}.Release|x86.ActiveCfg = Release|Any CPU
		{5F2A8660-0D4A-4CE1-AF83-3C7C5984D8C4}.Release|x86.Build.0 = Release|Any CPU
		{606FC136-6CE7-40AA-B3BC-2F2E7B09BBED}.Debug|Any CPU.ActiveCfg = Debug|Any CPU
		{606FC136-6CE7-40AA-B3BC-2F2E7B09BBED}.Debug|Any CPU.Build.0 = Debug|Any CPU
		{606FC136-6CE7-40AA-B3BC-2F2E7B09BBED}.Debug|ARM.ActiveCfg = Debug|Any CPU
		{606FC136-6CE7-40AA-B3BC-2F2E7B09BBED}.Debug|ARM.Build.0 = Debug|Any CPU
		{606FC136-6CE7-40AA-B3BC-2F2E7B09BBED}.Debug|x64.ActiveCfg = Debug|Any CPU
		{606FC136-6CE7-40AA-B3BC-2F2E7B09BBED}.Debug|x64.Build.0 = Debug|Any CPU
		{606FC136-6CE7-40AA-B3BC-2F2E7B09BBED}.Debug|x86.ActiveCfg = Debug|Any CPU
		{606FC136-6CE7-40AA-B3BC-2F2E7B09BBED}.Debug|x86.Build.0 = Debug|Any CPU
		{606FC136-6CE7-40AA-B3BC-2F2E7B09BBED}.Release|Any CPU.ActiveCfg = Release|Any CPU
		{606FC136-6CE7-40AA-B3BC-2F2E7B09BBED}.Release|Any CPU.Build.0 = Release|Any CPU
		{606FC136-6CE7-40AA-B3BC-2F2E7B09BBED}.Release|ARM.ActiveCfg = Release|Any CPU
		{606FC136-6CE7-40AA-B3BC-2F2E7B09BBED}.Release|ARM.Build.0 = Release|Any CPU
		{606FC136-6CE7-40AA-B3BC-2F2E7B09BBED}.Release|x64.ActiveCfg = Release|Any CPU
		{606FC136-6CE7-40AA-B3BC-2F2E7B09BBED}.Release|x64.Build.0 = Release|Any CPU
		{606FC136-6CE7-40AA-B3BC-2F2E7B09BBED}.Release|x86.ActiveCfg = Release|Any CPU
		{606FC136-6CE7-40AA-B3BC-2F2E7B09BBED}.Release|x86.Build.0 = Release|Any CPU
		{DE8129C7-DE6D-4998-BE69-B30AF3F8C6B5}.Debug|Any CPU.ActiveCfg = Debug|Any CPU
		{DE8129C7-DE6D-4998-BE69-B30AF3F8C6B5}.Debug|Any CPU.Build.0 = Debug|Any CPU
		{DE8129C7-DE6D-4998-BE69-B30AF3F8C6B5}.Debug|ARM.ActiveCfg = Debug|Any CPU
		{DE8129C7-DE6D-4998-BE69-B30AF3F8C6B5}.Debug|ARM.Build.0 = Debug|Any CPU
		{DE8129C7-DE6D-4998-BE69-B30AF3F8C6B5}.Debug|x64.ActiveCfg = Debug|Any CPU
		{DE8129C7-DE6D-4998-BE69-B30AF3F8C6B5}.Debug|x64.Build.0 = Debug|Any CPU
		{DE8129C7-DE6D-4998-BE69-B30AF3F8C6B5}.Debug|x86.ActiveCfg = Debug|Any CPU
		{DE8129C7-DE6D-4998-BE69-B30AF3F8C6B5}.Debug|x86.Build.0 = Debug|Any CPU
		{DE8129C7-DE6D-4998-BE69-B30AF3F8C6B5}.Release|Any CPU.ActiveCfg = Release|Any CPU
		{DE8129C7-DE6D-4998-BE69-B30AF3F8C6B5}.Release|Any CPU.Build.0 = Release|Any CPU
		{DE8129C7-DE6D-4998-BE69-B30AF3F8C6B5}.Release|ARM.ActiveCfg = Release|Any CPU
		{DE8129C7-DE6D-4998-BE69-B30AF3F8C6B5}.Release|ARM.Build.0 = Release|Any CPU
		{DE8129C7-DE6D-4998-BE69-B30AF3F8C6B5}.Release|x64.ActiveCfg = Release|Any CPU
		{DE8129C7-DE6D-4998-BE69-B30AF3F8C6B5}.Release|x64.Build.0 = Release|Any CPU
		{DE8129C7-DE6D-4998-BE69-B30AF3F8C6B5}.Release|x86.ActiveCfg = Release|Any CPU
		{DE8129C7-DE6D-4998-BE69-B30AF3F8C6B5}.Release|x86.Build.0 = Release|Any CPU
		{4362F986-CE48-430C-B7AB-E74B262C1C19}.Debug|Any CPU.ActiveCfg = Debug|Any CPU
		{4362F986-CE48-430C-B7AB-E74B262C1C19}.Debug|Any CPU.Build.0 = Debug|Any CPU
		{4362F986-CE48-430C-B7AB-E74B262C1C19}.Debug|ARM.ActiveCfg = Debug|Any CPU
		{4362F986-CE48-430C-B7AB-E74B262C1C19}.Debug|ARM.Build.0 = Debug|Any CPU
		{4362F986-CE48-430C-B7AB-E74B262C1C19}.Debug|x64.ActiveCfg = Debug|Any CPU
		{4362F986-CE48-430C-B7AB-E74B262C1C19}.Debug|x64.Build.0 = Debug|Any CPU
		{4362F986-CE48-430C-B7AB-E74B262C1C19}.Debug|x86.ActiveCfg = Debug|Any CPU
		{4362F986-CE48-430C-B7AB-E74B262C1C19}.Debug|x86.Build.0 = Debug|Any CPU
		{4362F986-CE48-430C-B7AB-E74B262C1C19}.Release|Any CPU.ActiveCfg = Release|Any CPU
		{4362F986-CE48-430C-B7AB-E74B262C1C19}.Release|Any CPU.Build.0 = Release|Any CPU
		{4362F986-CE48-430C-B7AB-E74B262C1C19}.Release|ARM.ActiveCfg = Release|Any CPU
		{4362F986-CE48-430C-B7AB-E74B262C1C19}.Release|ARM.Build.0 = Release|Any CPU
		{4362F986-CE48-430C-B7AB-E74B262C1C19}.Release|x64.ActiveCfg = Release|Any CPU
		{4362F986-CE48-430C-B7AB-E74B262C1C19}.Release|x64.Build.0 = Release|Any CPU
		{4362F986-CE48-430C-B7AB-E74B262C1C19}.Release|x86.ActiveCfg = Release|Any CPU
		{4362F986-CE48-430C-B7AB-E74B262C1C19}.Release|x86.Build.0 = Release|Any CPU
		{7099385B-9787-4B95-B23D-EE83C1287A7A}.Debug|Any CPU.ActiveCfg = Debug|Any CPU
		{7099385B-9787-4B95-B23D-EE83C1287A7A}.Debug|Any CPU.Build.0 = Debug|Any CPU
		{7099385B-9787-4B95-B23D-EE83C1287A7A}.Debug|ARM.ActiveCfg = Debug|Any CPU
		{7099385B-9787-4B95-B23D-EE83C1287A7A}.Debug|ARM.Build.0 = Debug|Any CPU
		{7099385B-9787-4B95-B23D-EE83C1287A7A}.Debug|x64.ActiveCfg = Debug|Any CPU
		{7099385B-9787-4B95-B23D-EE83C1287A7A}.Debug|x64.Build.0 = Debug|Any CPU
		{7099385B-9787-4B95-B23D-EE83C1287A7A}.Debug|x86.ActiveCfg = Debug|Any CPU
		{7099385B-9787-4B95-B23D-EE83C1287A7A}.Debug|x86.Build.0 = Debug|Any CPU
		{7099385B-9787-4B95-B23D-EE83C1287A7A}.Release|Any CPU.ActiveCfg = Release|Any CPU
		{7099385B-9787-4B95-B23D-EE83C1287A7A}.Release|Any CPU.Build.0 = Release|Any CPU
		{7099385B-9787-4B95-B23D-EE83C1287A7A}.Release|ARM.ActiveCfg = Release|Any CPU
		{7099385B-9787-4B95-B23D-EE83C1287A7A}.Release|ARM.Build.0 = Release|Any CPU
		{7099385B-9787-4B95-B23D-EE83C1287A7A}.Release|x64.ActiveCfg = Release|Any CPU
		{7099385B-9787-4B95-B23D-EE83C1287A7A}.Release|x64.Build.0 = Release|Any CPU
		{7099385B-9787-4B95-B23D-EE83C1287A7A}.Release|x86.ActiveCfg = Release|Any CPU
		{7099385B-9787-4B95-B23D-EE83C1287A7A}.Release|x86.Build.0 = Release|Any CPU
		{55431B6B-86DC-4821-B795-65908FE02B67}.Debug|Any CPU.ActiveCfg = Debug|Any CPU
		{55431B6B-86DC-4821-B795-65908FE02B67}.Debug|Any CPU.Build.0 = Debug|Any CPU
		{55431B6B-86DC-4821-B795-65908FE02B67}.Debug|ARM.ActiveCfg = Debug|Any CPU
		{55431B6B-86DC-4821-B795-65908FE02B67}.Debug|ARM.Build.0 = Debug|Any CPU
		{55431B6B-86DC-4821-B795-65908FE02B67}.Debug|x64.ActiveCfg = Debug|Any CPU
		{55431B6B-86DC-4821-B795-65908FE02B67}.Debug|x64.Build.0 = Debug|Any CPU
		{55431B6B-86DC-4821-B795-65908FE02B67}.Debug|x86.ActiveCfg = Debug|Any CPU
		{55431B6B-86DC-4821-B795-65908FE02B67}.Debug|x86.Build.0 = Debug|Any CPU
		{55431B6B-86DC-4821-B795-65908FE02B67}.Release|Any CPU.ActiveCfg = Release|Any CPU
		{55431B6B-86DC-4821-B795-65908FE02B67}.Release|Any CPU.Build.0 = Release|Any CPU
		{55431B6B-86DC-4821-B795-65908FE02B67}.Release|ARM.ActiveCfg = Release|Any CPU
		{55431B6B-86DC-4821-B795-65908FE02B67}.Release|ARM.Build.0 = Release|Any CPU
		{55431B6B-86DC-4821-B795-65908FE02B67}.Release|x64.ActiveCfg = Release|Any CPU
		{55431B6B-86DC-4821-B795-65908FE02B67}.Release|x64.Build.0 = Release|Any CPU
		{55431B6B-86DC-4821-B795-65908FE02B67}.Release|x86.ActiveCfg = Release|Any CPU
		{55431B6B-86DC-4821-B795-65908FE02B67}.Release|x86.Build.0 = Release|Any CPU
		{49F957DC-7B4C-4F33-AFE9-FFE75371F57E}.Debug|Any CPU.ActiveCfg = Debug|Any CPU
		{49F957DC-7B4C-4F33-AFE9-FFE75371F57E}.Debug|Any CPU.Build.0 = Debug|Any CPU
		{49F957DC-7B4C-4F33-AFE9-FFE75371F57E}.Debug|ARM.ActiveCfg = Debug|Any CPU
		{49F957DC-7B4C-4F33-AFE9-FFE75371F57E}.Debug|ARM.Build.0 = Debug|Any CPU
		{49F957DC-7B4C-4F33-AFE9-FFE75371F57E}.Debug|x64.ActiveCfg = Debug|Any CPU
		{49F957DC-7B4C-4F33-AFE9-FFE75371F57E}.Debug|x64.Build.0 = Debug|Any CPU
		{49F957DC-7B4C-4F33-AFE9-FFE75371F57E}.Debug|x86.ActiveCfg = Debug|Any CPU
		{49F957DC-7B4C-4F33-AFE9-FFE75371F57E}.Debug|x86.Build.0 = Debug|Any CPU
		{49F957DC-7B4C-4F33-AFE9-FFE75371F57E}.Release|Any CPU.ActiveCfg = Release|Any CPU
		{49F957DC-7B4C-4F33-AFE9-FFE75371F57E}.Release|Any CPU.Build.0 = Release|Any CPU
		{49F957DC-7B4C-4F33-AFE9-FFE75371F57E}.Release|ARM.ActiveCfg = Release|Any CPU
		{49F957DC-7B4C-4F33-AFE9-FFE75371F57E}.Release|ARM.Build.0 = Release|Any CPU
		{49F957DC-7B4C-4F33-AFE9-FFE75371F57E}.Release|x64.ActiveCfg = Release|Any CPU
		{49F957DC-7B4C-4F33-AFE9-FFE75371F57E}.Release|x64.Build.0 = Release|Any CPU
		{49F957DC-7B4C-4F33-AFE9-FFE75371F57E}.Release|x86.ActiveCfg = Release|Any CPU
		{49F957DC-7B4C-4F33-AFE9-FFE75371F57E}.Release|x86.Build.0 = Release|Any CPU
		{370DE1D6-F8A6-4AC9-8578-CC49DBEF8951}.Debug|Any CPU.ActiveCfg = Debug|x86
		{370DE1D6-F8A6-4AC9-8578-CC49DBEF8951}.Debug|ARM.ActiveCfg = Debug|ARM
		{370DE1D6-F8A6-4AC9-8578-CC49DBEF8951}.Debug|ARM.Build.0 = Debug|ARM
		{370DE1D6-F8A6-4AC9-8578-CC49DBEF8951}.Debug|ARM.Deploy.0 = Debug|ARM
		{370DE1D6-F8A6-4AC9-8578-CC49DBEF8951}.Debug|x64.ActiveCfg = Debug|x64
		{370DE1D6-F8A6-4AC9-8578-CC49DBEF8951}.Debug|x64.Build.0 = Debug|x64
		{370DE1D6-F8A6-4AC9-8578-CC49DBEF8951}.Debug|x64.Deploy.0 = Debug|x64
		{370DE1D6-F8A6-4AC9-8578-CC49DBEF8951}.Debug|x86.ActiveCfg = Debug|x86
		{370DE1D6-F8A6-4AC9-8578-CC49DBEF8951}.Debug|x86.Build.0 = Debug|x86
		{370DE1D6-F8A6-4AC9-8578-CC49DBEF8951}.Debug|x86.Deploy.0 = Debug|x86
		{370DE1D6-F8A6-4AC9-8578-CC49DBEF8951}.Release|Any CPU.ActiveCfg = Release|x86
		{370DE1D6-F8A6-4AC9-8578-CC49DBEF8951}.Release|ARM.ActiveCfg = Release|ARM
		{370DE1D6-F8A6-4AC9-8578-CC49DBEF8951}.Release|ARM.Build.0 = Release|ARM
		{370DE1D6-F8A6-4AC9-8578-CC49DBEF8951}.Release|ARM.Deploy.0 = Release|ARM
		{370DE1D6-F8A6-4AC9-8578-CC49DBEF8951}.Release|x64.ActiveCfg = Release|x64
		{370DE1D6-F8A6-4AC9-8578-CC49DBEF8951}.Release|x64.Build.0 = Release|x64
		{370DE1D6-F8A6-4AC9-8578-CC49DBEF8951}.Release|x64.Deploy.0 = Release|x64
		{370DE1D6-F8A6-4AC9-8578-CC49DBEF8951}.Release|x86.ActiveCfg = Release|x86
		{370DE1D6-F8A6-4AC9-8578-CC49DBEF8951}.Release|x86.Build.0 = Release|x86
		{370DE1D6-F8A6-4AC9-8578-CC49DBEF8951}.Release|x86.Deploy.0 = Release|x86
	EndGlobalSection
	GlobalSection(SolutionProperties) = preSolution
		HideSolutionNode = FALSE
	EndGlobalSection
	GlobalSection(NestedProjects) = preSolution
		{5F2A8660-0D4A-4CE1-AF83-3C7C5984D8C4} = {6DDD5FE5-A1DA-4CD7-B057-AB0CBDC5F7A0}
		{606FC136-6CE7-40AA-B3BC-2F2E7B09BBED} = {6DDD5FE5-A1DA-4CD7-B057-AB0CBDC5F7A0}
		{DE8129C7-DE6D-4998-BE69-B30AF3F8C6B5} = {6DDD5FE5-A1DA-4CD7-B057-AB0CBDC5F7A0}
		{4362F986-CE48-430C-B7AB-E74B262C1C19} = {6DDD5FE5-A1DA-4CD7-B057-AB0CBDC5F7A0}
		{7099385B-9787-4B95-B23D-EE83C1287A7A} = {6DDD5FE5-A1DA-4CD7-B057-AB0CBDC5F7A0}
		{55431B6B-86DC-4821-B795-65908FE02B67} = {6DDD5FE5-A1DA-4CD7-B057-AB0CBDC5F7A0}
	EndGlobalSection
EndGlobal
